
Microsoft Visual Studio Solution File, Format Version 12.00
# Visual Studio 15
VisualStudioVersion = 15.0.27428.2037
MinimumVisualStudioVersion = 10.0.40219.1
Project("{9A19103F-16F7-4668-BE54-9A1E7A4F7556}") = "Landis.Core", "Core\Landis.Core.csproj", "{6DBD8CA8-EA71-4618-BBAE-B99EFFE9106A}"
EndProject
Project("{9A19103F-16F7-4668-BE54-9A1E7A4F7556}") = "Landis.Core.implementation", "Implementation\Landis.Core.implementation.csproj", "{6FECEB61-ACA3-4D43-A622-2C7CDC078087}"
EndProject
Global
	GlobalSection(SolutionConfigurationPlatforms) = preSolution
		Debug|Any CPU = Debug|Any CPU
		Release|Any CPU = Release|Any CPU
	EndGlobalSection
	GlobalSection(ProjectConfigurationPlatforms) = postSolution
		{6DBD8CA8-EA71-4618-BBAE-B99EFFE9106A}.Debug|Any CPU.ActiveCfg = Debug|Any CPU
		{6DBD8CA8-EA71-4618-BBAE-B99EFFE9106A}.Debug|Any CPU.Build.0 = Debug|Any CPU
		{6DBD8CA8-EA71-4618-BBAE-B99EFFE9106A}.Release|Any CPU.ActiveCfg = Release|Any CPU
		{6DBD8CA8-EA71-4618-BBAE-B99EFFE9106A}.Release|Any CPU.Build.0 = Release|Any CPU
		{6FECEB61-ACA3-4D43-A622-2C7CDC078087}.Debug|Any CPU.ActiveCfg = Debug|Any CPU
		{6FECEB61-ACA3-4D43-A622-2C7CDC078087}.Debug|Any CPU.Build.0 = Debug|Any CPU
		{6FECEB61-ACA3-4D43-A622-2C7CDC078087}.Release|Any CPU.ActiveCfg = Release|Any CPU
		{6FECEB61-ACA3-4D43-A622-2C7CDC078087}.Release|Any CPU.Build.0 = Release|Any CPU
	EndGlobalSection
	GlobalSection(SolutionProperties) = preSolution
		HideSolutionNode = FALSE
	EndGlobalSection
	GlobalSection(ExtensibilityGlobals) = postSolution
		SolutionGuid = {E8557DED-AB1C-44FF-99F0-7D7021D5FA72}
	EndGlobalSection
EndGlobal
